// !$*UTF8*$!
{
	archiveVersion = 1;
	classes = {
	};
	objectVersion = 50;
	objects = {

/* Begin PBXBuildFile section */
		287E41D1233E9B9500C2A26D /* AppDelegate.swift in Sources */ = {isa = PBXBuildFile; fileRef = 287E41D0233E9B9500C2A26D /* AppDelegate.swift */; };
		287E41D3233E9B9500C2A26D /* ViewController.swift in Sources */ = {isa = PBXBuildFile; fileRef = 287E41D2233E9B9500C2A26D /* ViewController.swift */; };
		287E41D6233E9B9500C2A26D /* Main.storyboard in Resources */ = {isa = PBXBuildFile; fileRef = 287E41D4233E9B9500C2A26D /* Main.storyboard */; };
		287E41D8233E9B9600C2A26D /* Assets.xcassets in Resources */ = {isa = PBXBuildFile; fileRef = 287E41D7233E9B9600C2A26D /* Assets.xcassets */; };
		287E41DB233E9B9600C2A26D /* LaunchScreen.storyboard in Resources */ = {isa = PBXBuildFile; fileRef = 287E41D9233E9B9600C2A26D /* LaunchScreen.storyboard */; };
		287E41E6233E9B9600C2A26D /* PhotoJournalTests.swift in Sources */ = {isa = PBXBuildFile; fileRef = 287E41E5233E9B9600C2A26D /* PhotoJournalTests.swift */; };
		287E41F5234022E100C2A26D /* AddPhotoEntryViewController.swift in Sources */ = {isa = PBXBuildFile; fileRef = 287E41F4234022E100C2A26D /* AddPhotoEntryViewController.swift */; };
		287E41F8234032EE00C2A26D /* PhotoCollectionViewCell.swift in Sources */ = {isa = PBXBuildFile; fileRef = 287E41F7234032EE00C2A26D /* PhotoCollectionViewCell.swift */; };
		28FA4A9C234304AC00A5A38B /* Photo.swift in Sources */ = {isa = PBXBuildFile; fileRef = 28FA4A9B234304AC00A5A38B /* Photo.swift */; };
		28FA4A9F2343059D00A5A38B /* PersistenceHelper.swift in Sources */ = {isa = PBXBuildFile; fileRef = 28FA4A9E2343059D00A5A38B /* PersistenceHelper.swift */; };
		28FA4AA12343060300A5A38B /* PhotoPersistence.swift in Sources */ = {isa = PBXBuildFile; fileRef = 28FA4AA02343060300A5A38B /* PhotoPersistence.swift */; };
		28FE47242347A04500A72422 /* Protocols.swift in Sources */ = {isa = PBXBuildFile; fileRef = 28FE47232347A04500A72422 /* Protocols.swift */; };
		28FE472B2347E61C00A72422 /* SettingsVC.swift in Sources */ = {isa = PBXBuildFile; fileRef = 28FE472A2347E61C00A72422 /* SettingsVC.swift */; };
		28FE472D2347E7B200A72422 /* UserDefaults.swift in Sources */ = {isa = PBXBuildFile; fileRef = 28FE472C2347E7B200A72422 /* UserDefaults.swift */; };
		28FF3791234AE438001C6CE7 /* Assets.xcassets in Resources */ = {isa = PBXBuildFile; fileRef = 287E41D7233E9B9600C2A26D /* Assets.xcassets */; };
/* End PBXBuildFile section */

/* Begin PBXContainerItemProxy section */
		287E41E2233E9B9600C2A26D /* PBXContainerItemProxy */ = {
			isa = PBXContainerItemProxy;
			containerPortal = 287E41C5233E9B9500C2A26D /* Project object */;
			proxyType = 1;
			remoteGlobalIDString = 287E41CC233E9B9500C2A26D;
			remoteInfo = PhotoJournal;
		};
/* End PBXContainerItemProxy section */

/* Begin PBXFileReference section */
		287E41CD233E9B9500C2A26D /* PhotoJournal.app */ = {isa = PBXFileReference; explicitFileType = wrapper.application; includeInIndex = 0; path = PhotoJournal.app; sourceTree = BUILT_PRODUCTS_DIR; };
		287E41D0233E9B9500C2A26D /* AppDelegate.swift */ = {isa = PBXFileReference; lastKnownFileType = sourcecode.swift; path = AppDelegate.swift; sourceTree = "<group>"; };
		287E41D2233E9B9500C2A26D /* ViewController.swift */ = {isa = PBXFileReference; lastKnownFileType = sourcecode.swift; path = ViewController.swift; sourceTree = "<group>"; };
		287E41D5233E9B9500C2A26D /* Base */ = {isa = PBXFileReference; lastKnownFileType = file.storyboard; name = Base; path = Base.lproj/Main.storyboard; sourceTree = "<group>"; };
		287E41D7233E9B9600C2A26D /* Assets.xcassets */ = {isa = PBXFileReference; lastKnownFileType = folder.assetcatalog; path = Assets.xcassets; sourceTree = "<group>"; };
		287E41DA233E9B9600C2A26D /* Base */ = {isa = PBXFileReference; lastKnownFileType = file.storyboard; name = Base; path = Base.lproj/LaunchScreen.storyboard; sourceTree = "<group>"; };
		287E41DC233E9B9600C2A26D /* Info.plist */ = {isa = PBXFileReference; lastKnownFileType = text.plist.xml; path = Info.plist; sourceTree = "<group>"; };
		287E41E1233E9B9600C2A26D /* PhotoJournalTests.xctest */ = {isa = PBXFileReference; explicitFileType = wrapper.cfbundle; includeInIndex = 0; path = PhotoJournalTests.xctest; sourceTree = BUILT_PRODUCTS_DIR; };
		287E41E5233E9B9600C2A26D /* PhotoJournalTests.swift */ = {isa = PBXFileReference; lastKnownFileType = sourcecode.swift; path = PhotoJournalTests.swift; sourceTree = "<group>"; };
		287E41E7233E9B9600C2A26D /* Info.plist */ = {isa = PBXFileReference; lastKnownFileType = text.plist.xml; path = Info.plist; sourceTree = "<group>"; };
		287E41F4234022E100C2A26D /* AddPhotoEntryViewController.swift */ = {isa = PBXFileReference; lastKnownFileType = sourcecode.swift; path = AddPhotoEntryViewController.swift; sourceTree = "<group>"; };
		287E41F7234032EE00C2A26D /* PhotoCollectionViewCell.swift */ = {isa = PBXFileReference; lastKnownFileType = sourcecode.swift; path = PhotoCollectionViewCell.swift; sourceTree = "<group>"; };
		28FA4A9B234304AC00A5A38B /* Photo.swift */ = {isa = PBXFileReference; lastKnownFileType = sourcecode.swift; path = Photo.swift; sourceTree = "<group>"; };
		28FA4A9E2343059D00A5A38B /* PersistenceHelper.swift */ = {isa = PBXFileReference; lastKnownFileType = sourcecode.swift; path = PersistenceHelper.swift; sourceTree = "<group>"; };
		28FA4AA02343060300A5A38B /* PhotoPersistence.swift */ = {isa = PBXFileReference; lastKnownFileType = sourcecode.swift; path = PhotoPersistence.swift; sourceTree = "<group>"; };
		28FE47232347A04500A72422 /* Protocols.swift */ = {isa = PBXFileReference; lastKnownFileType = sourcecode.swift; path = Protocols.swift; sourceTree = "<group>"; };
		28FE472A2347E61C00A72422 /* SettingsVC.swift */ = {isa = PBXFileReference; lastKnownFileType = sourcecode.swift; path = SettingsVC.swift; sourceTree = "<group>"; };
		28FE472C2347E7B200A72422 /* UserDefaults.swift */ = {isa = PBXFileReference; lastKnownFileType = sourcecode.swift; path = UserDefaults.swift; sourceTree = "<group>"; };
/* End PBXFileReference section */

/* Begin PBXFrameworksBuildPhase section */
		287E41CA233E9B9500C2A26D /* Frameworks */ = {
			isa = PBXFrameworksBuildPhase;
			buildActionMask = 2147483647;
			files = (
			);
			runOnlyForDeploymentPostprocessing = 0;
		};
		287E41DE233E9B9600C2A26D /* Frameworks */ = {
			isa = PBXFrameworksBuildPhase;
			buildActionMask = 2147483647;
			files = (
			);
			runOnlyForDeploymentPostprocessing = 0;
		};
/* End PBXFrameworksBuildPhase section */

/* Begin PBXGroup section */
		287E41C4233E9B9500C2A26D = {
			isa = PBXGroup;
			children = (
				287E41CF233E9B9500C2A26D /* PhotoJournal */,
				287E41E4233E9B9600C2A26D /* PhotoJournalTests */,
				287E41CE233E9B9500C2A26D /* Products */,
			);
			sourceTree = "<group>";
		};
		287E41CE233E9B9500C2A26D /* Products */ = {
			isa = PBXGroup;
			children = (
				287E41CD233E9B9500C2A26D /* PhotoJournal.app */,
				287E41E1233E9B9600C2A26D /* PhotoJournalTests.xctest */,
			);
			name = Products;
			sourceTree = "<group>";
		};
		287E41CF233E9B9500C2A26D /* PhotoJournal */ = {
			isa = PBXGroup;
			children = (
				287E41D4233E9B9500C2A26D /* Main.storyboard */,
				287E41D0233E9B9500C2A26D /* AppDelegate.swift */,
				287E41F7234032EE00C2A26D /* PhotoCollectionViewCell.swift */,
				287E41F6234032C000C2A26D /* Controllers */,
				28FA4A9D234304B100A5A38B /* Model */,
				28FA4AA22343063D00A5A38B /* Persistence */,
				287E41D7233E9B9600C2A26D /* Assets.xcassets */,
				287E41D9233E9B9600C2A26D /* LaunchScreen.storyboard */,
				287E41DC233E9B9600C2A26D /* Info.plist */,
				28FE47232347A04500A72422 /* Protocols.swift */,
				28FE472C2347E7B200A72422 /* UserDefaults.swift */,
			);
			path = PhotoJournal;
			sourceTree = "<group>";
		};
		287E41E4233E9B9600C2A26D /* PhotoJournalTests */ = {
			isa = PBXGroup;
			children = (
				287E41E5233E9B9600C2A26D /* PhotoJournalTests.swift */,
				287E41E7233E9B9600C2A26D /* Info.plist */,
			);
			path = PhotoJournalTests;
			sourceTree = "<group>";
		};
		287E41F6234032C000C2A26D /* Controllers */ = {
			isa = PBXGroup;
			children = (
				287E41D2233E9B9500C2A26D /* ViewController.swift */,
				287E41F4234022E100C2A26D /* AddPhotoEntryViewController.swift */,
				28FE472A2347E61C00A72422 /* SettingsVC.swift */,
			);
			path = Controllers;
			sourceTree = "<group>";
		};
		28FA4A9D234304B100A5A38B /* Model */ = {
			isa = PBXGroup;
			children = (
				28FA4A9B234304AC00A5A38B /* Photo.swift */,
			);
			path = Model;
			sourceTree = "<group>";
		};
		28FA4AA22343063D00A5A38B /* Persistence */ = {
			isa = PBXGroup;
			children = (
				28FA4AA02343060300A5A38B /* PhotoPersistence.swift */,
				28FA4A9E2343059D00A5A38B /* PersistenceHelper.swift */,
			);
			path = Persistence;
			sourceTree = "<group>";
		};
/* End PBXGroup section */

/* Begin PBXNativeTarget section */
		287E41CC233E9B9500C2A26D /* PhotoJournal */ = {
			isa = PBXNativeTarget;
			buildConfigurationList = 287E41EA233E9B9700C2A26D /* Build configuration list for PBXNativeTarget "PhotoJournal" */;
			buildPhases = (
				287E41C9233E9B9500C2A26D /* Sources */,
				287E41CA233E9B9500C2A26D /* Frameworks */,
				287E41CB233E9B9500C2A26D /* Resources */,
			);
			buildRules = (
			);
			dependencies = (
			);
			name = PhotoJournal;
			productName = PhotoJournal;
			productReference = 287E41CD233E9B9500C2A26D /* PhotoJournal.app */;
			productType = "com.apple.product-type.application";
		};
		287E41E0233E9B9600C2A26D /* PhotoJournalTests */ = {
			isa = PBXNativeTarget;
			buildConfigurationList = 287E41ED233E9B9700C2A26D /* Build configuration list for PBXNativeTarget "PhotoJournalTests" */;
			buildPhases = (
				287E41DD233E9B9600C2A26D /* Sources */,
				287E41DE233E9B9600C2A26D /* Frameworks */,
				287E41DF233E9B9600C2A26D /* Resources */,
			);
			buildRules = (
			);
			dependencies = (
				287E41E3233E9B9600C2A26D /* PBXTargetDependency */,
			);
			name = PhotoJournalTests;
			productName = PhotoJournalTests;
			productReference = 287E41E1233E9B9600C2A26D /* PhotoJournalTests.xctest */;
			productType = "com.apple.product-type.bundle.unit-test";
		};
/* End PBXNativeTarget section */

/* Begin PBXProject section */
		287E41C5233E9B9500C2A26D /* Project object */ = {
			isa = PBXProject;
			attributes = {
				LastSwiftUpdateCheck = 1030;
				LastUpgradeCheck = 1030;
				ORGANIZATIONNAME = "Michelle Cueva";
				TargetAttributes = {
					287E41CC233E9B9500C2A26D = {
						CreatedOnToolsVersion = 10.3;
					};
					287E41E0233E9B9600C2A26D = {
						CreatedOnToolsVersion = 10.3;
						TestTargetID = 287E41CC233E9B9500C2A26D;
					};
				};
			};
			buildConfigurationList = 287E41C8233E9B9500C2A26D /* Build configuration list for PBXProject "PhotoJournal" */;
			compatibilityVersion = "Xcode 9.3";
			developmentRegion = en;
			hasScannedForEncodings = 0;
			knownRegions = (
				en,
				Base,
			);
			mainGroup = 287E41C4233E9B9500C2A26D;
			productRefGroup = 287E41CE233E9B9500C2A26D /* Products */;
			projectDirPath = "";
			projectRoot = "";
			targets = (
				287E41CC233E9B9500C2A26D /* PhotoJournal */,
				287E41E0233E9B9600C2A26D /* PhotoJournalTests */,
			);
		};
/* End PBXProject section */

/* Begin PBXResourcesBuildPhase section */
		287E41CB233E9B9500C2A26D /* Resources */ = {
			isa = PBXResourcesBuildPhase;
			buildActionMask = 2147483647;
			files = (
				287E41DB233E9B9600C2A26D /* LaunchScreen.storyboard in Resources */,
				287E41D8233E9B9600C2A26D /* Assets.xcassets in Resources */,
				287E41D6233E9B9500C2A26D /* Main.storyboard in Resources */,
			);
			runOnlyForDeploymentPostprocessing = 0;
		};
		287E41DF233E9B9600C2A26D /* Resources */ = {
			isa = PBXResourcesBuildPhase;
			buildActionMask = 2147483647;
			files = (
				28FF3791234AE438001C6CE7 /* Assets.xcassets in Resources */,
			);
			runOnlyForDeploymentPostprocessing = 0;
		};
/* End PBXResourcesBuildPhase section */

/* Begin PBXSourcesBuildPhase section */
		287E41C9233E9B9500C2A26D /* Sources */ = {
			isa = PBXSourcesBuildPhase;
			buildActionMask = 2147483647;
			files = (
				287E41D3233E9B9500C2A26D /* ViewController.swift in Sources */,
				28FA4AA12343060300A5A38B /* PhotoPersistence.swift in Sources */,
				287E41F8234032EE00C2A26D /* PhotoCollectionViewCell.swift in Sources */,
				287E41D1233E9B9500C2A26D /* AppDelegate.swift in Sources */,
				287E41F5234022E100C2A26D /* AddPhotoEntryViewController.swift in Sources */,
				28FA4A9F2343059D00A5A38B /* PersistenceHelper.swift in Sources */,
				28FE472D2347E7B200A72422 /* UserDefaults.swift in Sources */,
				28FA4A9C234304AC00A5A38B /* Photo.swift in Sources */,
				28FE47242347A04500A72422 /* Protocols.swift in Sources */,
				28FE472B2347E61C00A72422 /* SettingsVC.swift in Sources */,
			);
			runOnlyForDeploymentPostprocessing = 0;
		};
		287E41DD233E9B9600C2A26D /* Sources */ = {
			isa = PBXSourcesBuildPhase;
			buildActionMask = 2147483647;
			files = (
				287E41E6233E9B9600C2A26D /* PhotoJournalTests.swift in Sources */,
			);
			runOnlyForDeploymentPostprocessing = 0;
		};
/* End PBXSourcesBuildPhase section */

/* Begin PBXTargetDependency section */
		287E41E3233E9B9600C2A26D /* PBXTargetDependency */ = {
			isa = PBXTargetDependency;
			target = 287E41CC233E9B9500C2A26D /* PhotoJournal */;
			targetProxy = 287E41E2233E9B9600C2A26D /* PBXContainerItemProxy */;
		};
/* End PBXTargetDependency section */

/* Begin PBXVariantGroup section */
		287E41D4233E9B9500C2A26D /* Main.storyboard */ = {
			isa = PBXVariantGroup;
			children = (
				287E41D5233E9B9500C2A26D /* Base */,
			);
			name = Main.storyboard;
			sourceTree = "<group>";
		};
		287E41D9233E9B9600C2A26D /* LaunchScreen.storyboard */ = {
			isa = PBXVariantGroup;
			children = (
				287E41DA233E9B9600C2A26D /* Base */,
			);
			name = LaunchScreen.storyboard;
			sourceTree = "<group>";
		};
/* End PBXVariantGroup section */

/* Begin XCBuildConfiguration section */
		287E41E8233E9B9600C2A26D /* Debug */ = {
			isa = XCBuildConfiguration;
			buildSettings = {
				ALWAYS_SEARCH_USER_PATHS = NO;
				CLANG_ANALYZER_NONNULL = YES;
				CLANG_ANALYZER_NUMBER_OBJECT_CONVERSION = YES_AGGRESSIVE;
				CLANG_CXX_LANGUAGE_STANDARD = "gnu++14";
				CLANG_CXX_LIBRARY = "libc++";
				CLANG_ENABLE_MODULES = YES;
				CLANG_ENABLE_OBJC_ARC = YES;
				CLANG_ENABLE_OBJC_WEAK = YES;
				CLANG_WARN_BLOCK_CAPTURE_AUTORELEASING = YES;
				CLANG_WARN_BOOL_CONVERSION = YES;
				CLANG_WARN_COMMA = YES;
				CLANG_WARN_CONSTANT_CONVERSION = YES;
				CLANG_WARN_DEPRECATED_OBJC_IMPLEMENTATIONS = YES;
				CLANG_WARN_DIRECT_OBJC_ISA_USAGE = YES_ERROR;
				CLANG_WARN_DOCUMENTATION_COMMENTS = YES;
				CLANG_WARN_EMPTY_BODY = YES;
				CLANG_WARN_ENUM_CONVERSION = YES;
				CLANG_WARN_INFINITE_RECURSION = YES;
				CLANG_WARN_INT_CONVERSION = YES;
				CLANG_WARN_NON_LITERAL_NULL_CONVERSION = YES;
				CLANG_WARN_OBJC_IMPLICIT_RETAIN_SELF = YES;
				CLANG_WARN_OBJC_LITERAL_CONVERSION = YES;
				CLANG_WARN_OBJC_ROOT_CLASS = YES_ERROR;
				CLANG_WARN_RANGE_LOOP_ANALYSIS = YES;
				CLANG_WARN_STRICT_PROTOTYPES = YES;
				CLANG_WARN_SUSPICIOUS_MOVE = YES;
				CLANG_WARN_UNGUARDED_AVAILABILITY = YES_AGGRESSIVE;
				CLANG_WARN_UNREACHABLE_CODE = YES;
				CLANG_WARN__DUPLICATE_METHOD_MATCH = YES;
				CODE_SIGN_IDENTITY = "iPhone Developer";
				COPY_PHASE_STRIP = NO;
				DEBUG_INFORMATION_FORMAT = dwarf;
				ENABLE_STRICT_OBJC_MSGSEND = YES;
				ENABLE_TESTABILITY = YES;
				GCC_C_LANGUAGE_STANDARD = gnu11;
				GCC_DYNAMIC_NO_PIC = NO;
				GCC_NO_COMMON_BLOCKS = YES;
				GCC_OPTIMIZATION_LEVEL = 0;
				GCC_PREPROCESSOR_DEFINITIONS = (
					"DEBUG=1",
					"$(inherited)",
				);
				GCC_WARN_64_TO_32_BIT_CONVERSION = YES;
				GCC_WARN_ABOUT_RETURN_TYPE = YES_ERROR;
				GCC_WARN_UNDECLARED_SELECTOR = YES;
				GCC_WARN_UNINITIALIZED_AUTOS = YES_AGGRESSIVE;
				GCC_WARN_UNUSED_FUNCTION = YES;
				GCC_WARN_UNUSED_VARIABLE = YES;
				IPHONEOS_DEPLOYMENT_TARGET = 12.4;
				MTL_ENABLE_DEBUG_INFO = INCLUDE_SOURCE;
				MTL_FAST_MATH = YES;
				ONLY_ACTIVE_ARCH = YES;
				SDKROOT = iphoneos;
				SWIFT_ACTIVE_COMPILATION_CONDITIONS = DEBUG;
				SWIFT_OPTIMIZATION_LEVEL = "-Onone";
			};
			name = Debug;
		};
		287E41E9233E9B9600C2A26D /* Release */ = {
			isa = XCBuildConfiguration;
			buildSettings = {
				ALWAYS_SEARCH_USER_PATHS = NO;
				CLANG_ANALYZER_NONNULL = YES;
				CLANG_ANALYZER_NUMBER_OBJECT_CONVERSION = YES_AGGRESSIVE;
				CLANG_CXX_LANGUAGE_STANDARD = "gnu++14";
				CLANG_CXX_LIBRARY = "libc++";
				CLANG_ENABLE_MODULES = YES;
				CLANG_ENABLE_OBJC_ARC = YES;
				CLANG_ENABLE_OBJC_WEAK = YES;
				CLANG_WARN_BLOCK_CAPTURE_AUTORELEASING = YES;
				CLANG_WARN_BOOL_CONVERSION = YES;
				CLANG_WARN_COMMA = YES;
				CLANG_WARN_CONSTANT_CONVERSION = YES;
				CLANG_WARN_DEPRECATED_OBJC_IMPLEMENTATIONS = YES;
				CLANG_WARN_DIRECT_OBJC_ISA_USAGE = YES_ERROR;
				CLANG_WARN_DOCUMENTATION_COMMENTS = YES;
				CLANG_WARN_EMPTY_BODY = YES;
				CLANG_WARN_ENUM_CONVERSION = YES;
				CLANG_WARN_INFINITE_RECURSION = YES;
				CLANG_WARN_INT_CONVERSION = YES;
				CLANG_WARN_NON_LITERAL_NULL_CONVERSION = YES;
				CLANG_WARN_OBJC_IMPLICIT_RETAIN_SELF = YES;
				CLANG_WARN_OBJC_LITERAL_CONVERSION = YES;
				CLANG_WARN_OBJC_ROOT_CLASS = YES_ERROR;
				CLANG_WARN_RANGE_LOOP_ANALYSIS = YES;
				CLANG_WARN_STRICT_PROTOTYPES = YES;
				CLANG_WARN_SUSPICIOUS_MOVE = YES;
				CLANG_WARN_UNGUARDED_AVAILABILITY = YES_AGGRESSIVE;
				CLANG_WARN_UNREACHABLE_CODE = YES;
				CLANG_WARN__DUPLICATE_METHOD_MATCH = YES;
				CODE_SIGN_IDENTITY = "iPhone Developer";
				COPY_PHASE_STRIP = NO;
				DEBUG_INFORMATION_FORMAT = "dwarf-with-dsym";
				ENABLE_NS_ASSERTIONS = NO;
				ENABLE_STRICT_OBJC_MSGSEND = YES;
				GCC_C_LANGUAGE_STANDARD = gnu11;
				GCC_NO_COMMON_BLOCKS = YES;
				GCC_WARN_64_TO_32_BIT_CONVERSION = YES;
				GCC_WARN_ABOUT_RETURN_TYPE = YES_ERROR;
				GCC_WARN_UNDECLARED_SELECTOR = YES;
				GCC_WARN_UNINITIALIZED_AUTOS = YES_AGGRESSIVE;
				GCC_WARN_UNUSED_FUNCTION = YES;
				GCC_WARN_UNUSED_VARIABLE = YES;
				IPHONEOS_DEPLOYMENT_TARGET = 12.4;
				MTL_ENABLE_DEBUG_INFO = NO;
				MTL_FAST_MATH = YES;
				SDKROOT = iphoneos;
				SWIFT_COMPILATION_MODE = wholemodule;
				SWIFT_OPTIMIZATION_LEVEL = "-O";
				VALIDATE_PRODUCT = YES;
			};
			name = Release;
		};
		287E41EB233E9B9700C2A26D /* Debug */ = {
			isa = XCBuildConfiguration;
			buildSettings = {
				ASSETCATALOG_COMPILER_APPICON_NAME = AppIcon;
				CODE_SIGN_STYLE = Automatic;
				INFOPLIST_FILE = PhotoJournal/Info.plist;
				LD_RUNPATH_SEARCH_PATHS = (
					"$(inherited)",
					"@executable_path/Frameworks",
				);
				PRODUCT_BUNDLE_IDENTIFIER = Michelle.PhotoJournal;
				PRODUCT_NAME = "$(TARGET_NAME)";
				SWIFT_VERSION = 5.0;
				TARGETED_DEVICE_FAMILY = "1,2";
			};
			name = Debug;
		};
		287E41EC233E9B9700C2A26D /* Release */ = {
			isa = XCBuildConfiguration;
			buildSettings = {
				ASSETCATALOG_COMPILER_APPICON_NAME = AppIcon;
				CODE_SIGN_STYLE = Automatic;
				INFOPLIST_FILE = PhotoJournal/Info.plist;
				LD_RUNPATH_SEARCH_PATHS = (
					"$(inherited)",
					"@executable_path/Frameworks",
				);
				PRODUCT_BUNDLE_IDENTIFIER = Michelle.PhotoJournal;
				PRODUCT_NAME = "$(TARGET_NAME)";
				SWIFT_VERSION = 5.0;
				TARGETED_DEVICE_FAMILY = "1,2";
			};
			name = Release;
		};
		287E41EE233E9B9700C2A26D /* Debug */ = {
			isa = XCBuildConfiguration;
			buildSettings = {
				ALWAYS_EMBED_SWIFT_STANDARD_LIBRARIES = YES;
				BUNDLE_LOADER = "$(TEST_HOST)";
				CODE_SIGN_STYLE = Automatic;
				INFOPLIST_FILE = PhotoJournalTests/Info.plist;
				LD_RUNPATH_SEARCH_PATHS = (
					"$(inherited)",
					"@executable_path/Frameworks",
					"@loader_path/Frameworks",
				);
				PRODUCT_BUNDLE_IDENTIFIER = Michelle.PhotoJournalTests;
				PRODUCT_NAME = "$(TARGET_NAME)";
				SWIFT_VERSION = 5.0;
				TARGETED_DEVICE_FAMILY = "1,2";
				TEST_HOST = "$(BUILT_PRODUCTS_DIR)/PhotoJournal.app/PhotoJournal";
			};
			name = Debug;
		};
		287E41EF233E9B9700C2A26D /* Release */ = {
			isa = XCBuildConfiguration;
			buildSettings = {
				ALWAYS_EMBED_SWIFT_STANDARD_LIBRARIES = YES;
				BUNDLE_LOADER = "$(TEST_HOST)";
				CODE_SIGN_STYLE = Automatic;
				INFOPLIST_FILE = PhotoJournalTests/Info.plist;
				LD_RUNPATH_SEARCH_PATHS = (
					"$(inherited)",
					"@executable_path/Frameworks",
					"@loader_path/Frameworks",
				);
				PRODUCT_BUNDLE_IDENTIFIER = Michelle.PhotoJournalTests;
				PRODUCT_NAME = "$(TARGET_NAME)";
				SWIFT_VERSION = 5.0;
				TARGETED_DEVICE_FAMILY = "1,2";
				TEST_HOST = "$(BUILT_PRODUCTS_DIR)/PhotoJournal.app/PhotoJournal";
			};
			name = Release;
		};
/* End XCBuildConfiguration section */

/* Begin XCConfigurationList section */
		287E41C8233E9B9500C2A26D /* Build configuration list for PBXProject "PhotoJournal" */ = {
			isa = XCConfigurationList;
			buildConfigurations = (
				287E41E8233E9B9600C2A26D /* Debug */,
				287E41E9233E9B9600C2A26D /* Release */,
			);
			defaultConfigurationIsVisible = 0;
			defaultConfigurationName = Release;
		};
		287E41EA233E9B9700C2A26D /* Build configuration list for PBXNativeTarget "PhotoJournal" */ = {
			isa = XCConfigurationList;
			buildConfigurations = (
				287E41EB233E9B9700C2A26D /* Debug */,
				287E41EC233E9B9700C2A26D /* Release */,
			);
			defaultConfigurationIsVisible = 0;
			defaultConfigurationName = Release;
		};
		287E41ED233E9B9700C2A26D /* Build configuration list for PBXNativeTarget "PhotoJournalTests" */ = {
			isa = XCConfigurationList;
			buildConfigurations = (
				287E41EE233E9B9700C2A26D /* Debug */,
				287E41EF233E9B9700C2A26D /* Release */,
			);
			defaultConfigurationIsVisible = 0;
			defaultConfigurationName = Release;
		};
/* End XCConfigurationList section */
	};
	rootObject = 287E41C5233E9B9500C2A26D /* Project object */;
}
